
Microsoft Visual Studio Solution File, Format Version 12.00
# Visual Studio Version 16
VisualStudioVersion = 16.0.29728.190
MinimumVisualStudioVersion = 10.0.40219.1
Project("{FAE04EC0-301F-11D3-BF4B-00C04F79EFBC}") = "StringdeRakambul", "StringdeRakambul\StringdeRakambul.csproj", "{8E2141A7-0D78-4EFB-82FE-17D892084032}"
EndProject
Global
	GlobalSection(SolutionConfigurationPlatforms) = preSolution
		Debug|Any CPU = Debug|Any CPU
		Release|Any CPU = Release|Any CPU
	EndGlobalSection
	GlobalSection(ProjectConfigurationPlatforms) = postSolution
		{8E2141A7-0D78-4EFB-82FE-17D892084032}.Debug|Any CPU.ActiveCfg = Debug|Any CPU
		{8E2141A7-0D78-4EFB-82FE-17D892084032}.Debug|Any CPU.Build.0 = Debug|Any CPU
		{8E2141A7-0D78-4EFB-82FE-17D892084032}.Release|Any CPU.ActiveCfg = Release|Any CPU
		{8E2141A7-0D78-4EFB-82FE-17D892084032}.Release|Any CPU.Build.0 = Release|Any CPU
	EndGlobalSection
	GlobalSection(SolutionProperties) = preSolution
		HideSolutionNode = FALSE
	EndGlobalSection
	GlobalSection(ExtensibilityGlobals) = postSolution
		SolutionGuid = {061C3554-D84B-4CBA-AFCB-1EFB30C872B2}
	EndGlobalSection
EndGlobal
